
Microsoft Visual Studio Solution File, Format Version 12.00
# Visual Studio Version 17
VisualStudioVersion = 17.3.32901.215
MinimumVisualStudioVersion = 10.0.40219.1
Project("{FAE04EC0-301F-11D3-BF4B-00C04F79EFBC}") = "Snake cli", "Snake cli\Snake cli.csproj", "{9CA63285-A4FB-415C-8185-38782AB2FD2E}"
EndProject
Global
	GlobalSection(SolutionConfigurationPlatforms) = preSolution
		Debug|Any CPU = Debug|Any CPU
		Release|Any CPU = Release|Any CPU
	EndGlobalSection
	GlobalSection(ProjectConfigurationPlatforms) = postSolution
		{9CA63285-A4FB-415C-8185-38782AB2FD2E}.Debug|Any CPU.ActiveCfg = Debug|Any CPU
		{9CA63285-A4FB-415C-8185-38782AB2FD2E}.Debug|Any CPU.Build.0 = Debug|Any CPU
		{9CA63285-A4FB-415C-8185-38782AB2FD2E}.Release|Any CPU.ActiveCfg = Release|Any CPU
		{9CA63285-A4FB-415C-8185-38782AB2FD2E}.Release|Any CPU.Build.0 = Release|Any CPU
	EndGlobalSection
	GlobalSection(SolutionProperties) = preSolution
		HideSolutionNode = FALSE
	EndGlobalSection
	GlobalSection(ExtensibilityGlobals) = postSolution
		SolutionGuid = {0A36CCF4-C974-4DBC-9881-3AF27DEA716D}
	EndGlobalSection
EndGlobal
